
Microsoft Visual Studio Solution File, Format Version 12.00
# Visual Studio Version 17
VisualStudioVersion = 17.14.36518.9 d17.14
MinimumVisualStudioVersion = 10.0.40219.1
Project("{FAE04EC0-301F-11D3-BF4B-00C04F79EFBC}") = "StokTakipUygulaması", "StokTakipUygulaması\StokTakipUygulaması.csproj", "{F2AE151B-C912-4435-89AD-CBCA4FE2E4CA}"
EndProject
Global
	GlobalSection(SolutionConfigurationPlatforms) = preSolution
		Debug|Any CPU = Debug|Any CPU
		Release|Any CPU = Release|Any CPU
	EndGlobalSection
	GlobalSection(ProjectConfigurationPlatforms) = postSolution
		{F2AE151B-C912-4435-89AD-CBCA4FE2E4CA}.Debug|Any CPU.ActiveCfg = Debug|Any CPU
		{F2AE151B-C912-4435-89AD-CBCA4FE2E4CA}.Debug|Any CPU.Build.0 = Debug|Any CPU
		{F2AE151B-C912-4435-89AD-CBCA4FE2E4CA}.Release|Any CPU.ActiveCfg = Release|Any CPU
		{F2AE151B-C912-4435-89AD-CBCA4FE2E4CA}.Release|Any CPU.Build.0 = Release|Any CPU
	EndGlobalSection
	GlobalSection(SolutionProperties) = preSolution
		HideSolutionNode = FALSE
	EndGlobalSection
	GlobalSection(ExtensibilityGlobals) = postSolution
		SolutionGuid = {432ED5D6-A349-4DAF-86D2-F6D061067967}
	EndGlobalSection
EndGlobal
